
Microsoft Visual Studio Solution File, Format Version 12.00
# Visual Studio Version 16
VisualStudioVersion = 16.0.31624.102
MinimumVisualStudioVersion = 10.0.40219.1
Project("{9A19103F-16F7-4668-BE54-9A1E7A4F7556}") = "Wiederholung", "Wiederholung\Wiederholung.csproj", "{B25DDDBF-7221-4DD4-B7F2-AD176280298B}"
EndProject
Project("{9A19103F-16F7-4668-BE54-9A1E7A4F7556}") = "ListTests", "ListTests\ListTests.csproj", "{9DFCA279-8743-4BF2-AE1C-7BE995B2F1FB}"
EndProject
Project("{2150E333-8FDC-42A3-9474-1A3956D46DE8}") = "Solution Items", "Solution Items", "{0110F7E6-D8C1-4C19-AABD-244EEA9616F6}"
	ProjectSection(SolutionItems) = preProject
		.editorconfig = .editorconfig
	EndProjectSection
EndProject
Project("{9A19103F-16F7-4668-BE54-9A1E7A4F7556}") = "TicTacToeLogic", "TicTacToeLogic\TicTacToeLogic.csproj", "{7EEBE373-B438-4ABC-9C9C-C02FADDF7885}"
EndProject
Project("{9A19103F-16F7-4668-BE54-9A1E7A4F7556}") = "TicTacToeConsoleUI", "TicTacToeConsoleUI\TicTacToeConsoleUI.csproj", "{2437D70B-B6FB-4BAB-925D-FF8B26E18EED}"
EndProject
Project("{9A19103F-16F7-4668-BE54-9A1E7A4F7556}") = "TicTacToeTests", "TicTacToeTests\TicTacToeTests.csproj", "{ABD41D37-E473-414D-82D2-2DBDE5410BF4}"
EndProject
Project("{FAE04EC0-301F-11D3-BF4B-00C04F79EFBC}") = "FileWriteReadSum", "FileWriteReadSum\FileWriteReadSum.csproj", "{24FEDE85-38B3-4F3C-9BFB-7D5D27799605}"
EndProject
Global
	GlobalSection(SolutionConfigurationPlatforms) = preSolution
		Debug|Any CPU = Debug|Any CPU
		Release|Any CPU = Release|Any CPU
	EndGlobalSection
	GlobalSection(ProjectConfigurationPlatforms) = postSolution
		{B25DDDBF-7221-4DD4-B7F2-AD176280298B}.Debug|Any CPU.ActiveCfg = Debug|Any CPU
		{B25DDDBF-7221-4DD4-B7F2-AD176280298B}.Debug|Any CPU.Build.0 = Debug|Any CPU
		{B25DDDBF-7221-4DD4-B7F2-AD176280298B}.Release|Any CPU.ActiveCfg = Release|Any CPU
		{B25DDDBF-7221-4DD4-B7F2-AD176280298B}.Release|Any CPU.Build.0 = Release|Any CPU
		{9DFCA279-8743-4BF2-AE1C-7BE995B2F1FB}.Debug|Any CPU.ActiveCfg = Debug|Any CPU
		{9DFCA279-8743-4BF2-AE1C-7BE995B2F1FB}.Debug|Any CPU.Build.0 = Debug|Any CPU
		{9DFCA279-8743-4BF2-AE1C-7BE995B2F1FB}.Release|Any CPU.ActiveCfg = Release|Any CPU
		{9DFCA279-8743-4BF2-AE1C-7BE995B2F1FB}.Release|Any CPU.Build.0 = Release|Any CPU
		{7EEBE373-B438-4ABC-9C9C-C02FADDF7885}.Debug|Any CPU.ActiveCfg = Debug|Any CPU
		{7EEBE373-B438-4ABC-9C9C-C02FADDF7885}.Debug|Any CPU.Build.0 = Debug|Any CPU
		{7EEBE373-B438-4ABC-9C9C-C02FADDF7885}.Release|Any CPU.ActiveCfg = Release|Any CPU
		{7EEBE373-B438-4ABC-9C9C-C02FADDF7885}.Release|Any CPU.Build.0 = Release|Any CPU
		{2437D70B-B6FB-4BAB-925D-FF8B26E18EED}.Debug|Any CPU.ActiveCfg = Debug|Any CPU
		{2437D70B-B6FB-4BAB-925D-FF8B26E18EED}.Debug|Any CPU.Build.0 = Debug|Any CPU
		{2437D70B-B6FB-4BAB-925D-FF8B26E18EED}.Release|Any CPU.ActiveCfg = Release|Any CPU
		{2437D70B-B6FB-4BAB-925D-FF8B26E18EED}.Release|Any CPU.Build.0 = Release|Any CPU
		{ABD41D37-E473-414D-82D2-2DBDE5410BF4}.Debug|Any CPU.ActiveCfg = Debug|Any CPU
		{ABD41D37-E473-414D-82D2-2DBDE5410BF4}.Debug|Any CPU.Build.0 = Debug|Any CPU
		{ABD41D37-E473-414D-82D2-2DBDE5410BF4}.Release|Any CPU.ActiveCfg = Release|Any CPU
		{ABD41D37-E473-414D-82D2-2DBDE5410BF4}.Release|Any CPU.Build.0 = Release|Any CPU
		{24FEDE85-38B3-4F3C-9BFB-7D5D27799605}.Debug|Any CPU.ActiveCfg = Debug|Any CPU
		{24FEDE85-38B3-4F3C-9BFB-7D5D27799605}.Debug|Any CPU.Build.0 = Debug|Any CPU
		{24FEDE85-38B3-4F3C-9BFB-7D5D27799605}.Release|Any CPU.ActiveCfg = Release|Any CPU
		{24FEDE85-38B3-4F3C-9BFB-7D5D27799605}.Release|Any CPU.Build.0 = Release|Any CPU
	EndGlobalSection
	GlobalSection(SolutionProperties) = preSolution
		HideSolutionNode = FALSE
	EndGlobalSection
	GlobalSection(ExtensibilityGlobals) = postSolution
		SolutionGuid = {13CCEF66-98A3-464D-8760-460F6B319BA0}
	EndGlobalSection
EndGlobal
